
Microsoft Visual Studio Solution File, Format Version 12.00
# Visual Studio Version 17
VisualStudioVersion = 17.14.36414.22 d17.14
MinimumVisualStudioVersion = 10.0.40219.1
Project("{FAE04EC0-301F-11D3-BF4B-00C04F79EFBC}") = "Weerwolven", "Weerwolven\Weerwolven.csproj", "{3EF0AB0C-2A5B-454B-9B88-48D0A7479C37}"
EndProject
Global
	GlobalSection(SolutionConfigurationPlatforms) = preSolution
		Debug|Any CPU = Debug|Any CPU
		Release|Any CPU = Release|Any CPU
	EndGlobalSection
	GlobalSection(ProjectConfigurationPlatforms) = postSolution
		{3EF0AB0C-2A5B-454B-9B88-48D0A7479C37}.Debug|Any CPU.ActiveCfg = Debug|Any CPU
		{3EF0AB0C-2A5B-454B-9B88-48D0A7479C37}.Debug|Any CPU.Build.0 = Debug|Any CPU
		{3EF0AB0C-2A5B-454B-9B88-48D0A7479C37}.Release|Any CPU.ActiveCfg = Release|Any CPU
		{3EF0AB0C-2A5B-454B-9B88-48D0A7479C37}.Release|Any CPU.Build.0 = Release|Any CPU
	EndGlobalSection
	GlobalSection(SolutionProperties) = preSolution
		HideSolutionNode = FALSE
	EndGlobalSection
	GlobalSection(ExtensibilityGlobals) = postSolution
		SolutionGuid = {CB5C561B-7953-4959-A24E-6FFBD6D0838A}
	EndGlobalSection
EndGlobal
